// !$*UTF8*$!
{
	archiveVersion = 1;
	classes = {
	};
	objectVersion = 55;
	objects = {

/* Begin PBXBuildFile section */
		4D5DFE212741112B0045039A /* AppDelegate.swift in Sources */ = {isa = PBXBuildFile; fileRef = 4D5DFE202741112B0045039A /* AppDelegate.swift */; };
		4D5DFE2A2741112D0045039A /* Assets.xcassets in Resources */ = {isa = PBXBuildFile; fileRef = 4D5DFE292741112D0045039A /* Assets.xcassets */; };
		4D5DFE2D2741112D0045039A /* LaunchScreen.storyboard in Resources */ = {isa = PBXBuildFile; fileRef = 4D5DFE2B2741112D0045039A /* LaunchScreen.storyboard */; };
		4D5DFE3B274118350045039A /* .swiftlint.yml in Resources */ = {isa = PBXBuildFile; fileRef = 4D5DFE3A274118350045039A /* .swiftlint.yml */; };
		4D78DB3A27412E640060735C /* HomeVC.swift in Sources */ = {isa = PBXBuildFile; fileRef = 4D78DB3927412E640060735C /* HomeVC.swift */; };
		4D78DB4327412F700060735C /* WritingVC.swift in Sources */ = {isa = PBXBuildFile; fileRef = 4D78DB4227412F700060735C /* WritingVC.swift */; };
		4D78DB4527412FA30060735C /* ChattingVC.swift in Sources */ = {isa = PBXBuildFile; fileRef = 4D78DB4427412FA30060735C /* ChattingVC.swift */; };
		4D78DB4727412FB90060735C /* MyPageVC.swift in Sources */ = {isa = PBXBuildFile; fileRef = 4D78DB4627412FB90060735C /* MyPageVC.swift */; };
		4D78DB4927412FD00060735C /* MyTownVC.swift in Sources */ = {isa = PBXBuildFile; fileRef = 4D78DB4827412FD00060735C /* MyTownVC.swift */; };
		4D78DB4B274131C80060735C /* TabBarController.swift in Sources */ = {isa = PBXBuildFile; fileRef = 4D78DB4A274131C80060735C /* TabBarController.swift */; };
		4D78DB4F2741333B0060735C /* Image.swift in Sources */ = {isa = PBXBuildFile; fileRef = 4D78DB4E2741333B0060735C /* Image.swift */; };
		4D78DB512741334E0060735C /* Color.swift in Sources */ = {isa = PBXBuildFile; fileRef = 4D78DB502741334E0060735C /* Color.swift */; };
		4D78DB532741344B0060735C /* BaseNavigationController.swift in Sources */ = {isa = PBXBuildFile; fileRef = 4D78DB522741344B0060735C /* BaseNavigationController.swift */; };
		4D78DB55274134770060735C /* MainNavigationController.swift in Sources */ = {isa = PBXBuildFile; fileRef = 4D78DB54274134770060735C /* MainNavigationController.swift */; };
		522A3468D6B7367CA5EEC575 /* Pods_Swift_Test_Project.framework in Frameworks */ = {isa = PBXBuildFile; fileRef = 11E58814565C7931ECE7D5DB /* Pods_Swift_Test_Project.framework */; };
/* End PBXBuildFile section */

/* Begin PBXFileReference section */
		11E58814565C7931ECE7D5DB /* Pods_Swift_Test_Project.framework */ = {isa = PBXFileReference; explicitFileType = wrapper.framework; includeInIndex = 0; path = Pods_Swift_Test_Project.framework; sourceTree = BUILT_PRODUCTS_DIR; };
		4D5DFE1D2741112B0045039A /* Swift_Test_Project.app */ = {isa = PBXFileReference; explicitFileType = wrapper.application; includeInIndex = 0; path = Swift_Test_Project.app; sourceTree = BUILT_PRODUCTS_DIR; };
		4D5DFE202741112B0045039A /* AppDelegate.swift */ = {isa = PBXFileReference; lastKnownFileType = sourcecode.swift; path = AppDelegate.swift; sourceTree = "<group>"; };
		4D5DFE292741112D0045039A /* Assets.xcassets */ = {isa = PBXFileReference; lastKnownFileType = folder.assetcatalog; path = Assets.xcassets; sourceTree = "<group>"; };
		4D5DFE2C2741112D0045039A /* Base */ = {isa = PBXFileReference; lastKnownFileType = file.storyboard; name = Base; path = Base.lproj/LaunchScreen.storyboard; sourceTree = "<group>"; };
		4D5DFE2E2741112D0045039A /* Info.plist */ = {isa = PBXFileReference; lastKnownFileType = text.plist.xml; path = Info.plist; sourceTree = "<group>"; };
		4D5DFE3A274118350045039A /* .swiftlint.yml */ = {isa = PBXFileReference; lastKnownFileType = text.yaml; path = .swiftlint.yml; sourceTree = "<group>"; };
		4D78DB3927412E640060735C /* HomeVC.swift */ = {isa = PBXFileReference; lastKnownFileType = sourcecode.swift; path = HomeVC.swift; sourceTree = "<group>"; };
		4D78DB4227412F700060735C /* WritingVC.swift */ = {isa = PBXFileReference; lastKnownFileType = sourcecode.swift; path = WritingVC.swift; sourceTree = "<group>"; };
		4D78DB4427412FA30060735C /* ChattingVC.swift */ = {isa = PBXFileReference; lastKnownFileType = sourcecode.swift; path = ChattingVC.swift; sourceTree = "<group>"; };
		4D78DB4627412FB90060735C /* MyPageVC.swift */ = {isa = PBXFileReference; lastKnownFileType = sourcecode.swift; path = MyPageVC.swift; sourceTree = "<group>"; };
		4D78DB4827412FD00060735C /* MyTownVC.swift */ = {isa = PBXFileReference; lastKnownFileType = sourcecode.swift; path = MyTownVC.swift; sourceTree = "<group>"; };
		4D78DB4A274131C80060735C /* TabBarController.swift */ = {isa = PBXFileReference; lastKnownFileType = sourcecode.swift; path = TabBarController.swift; sourceTree = "<group>"; };
		4D78DB4E2741333B0060735C /* Image.swift */ = {isa = PBXFileReference; lastKnownFileType = sourcecode.swift; path = Image.swift; sourceTree = "<group>"; };
		4D78DB502741334E0060735C /* Color.swift */ = {isa = PBXFileReference; lastKnownFileType = sourcecode.swift; path = Color.swift; sourceTree = "<group>"; };
		4D78DB522741344B0060735C /* BaseNavigationController.swift */ = {isa = PBXFileReference; lastKnownFileType = sourcecode.swift; path = BaseNavigationController.swift; sourceTree = "<group>"; };
		4D78DB54274134770060735C /* MainNavigationController.swift */ = {isa = PBXFileReference; lastKnownFileType = sourcecode.swift; path = MainNavigationController.swift; sourceTree = "<group>"; };
		A01485484878AC7CDF66A6E1 /* Pods-Swift_Test_Project.debug.xcconfig */ = {isa = PBXFileReference; includeInIndex = 1; lastKnownFileType = text.xcconfig; name = "Pods-Swift_Test_Project.debug.xcconfig"; path = "Target Support Files/Pods-Swift_Test_Project/Pods-Swift_Test_Project.debug.xcconfig"; sourceTree = "<group>"; };
		CEE4938192DCEF89B8BABCAD /* Pods-Swift_Test_Project.release.xcconfig */ = {isa = PBXFileReference; includeInIndex = 1; lastKnownFileType = text.xcconfig; name = "Pods-Swift_Test_Project.release.xcconfig"; path = "Target Support Files/Pods-Swift_Test_Project/Pods-Swift_Test_Project.release.xcconfig"; sourceTree = "<group>"; };
/* End PBXFileReference section */

/* Begin PBXFrameworksBuildPhase section */
		4D5DFE1A2741112A0045039A /* Frameworks */ = {
			isa = PBXFrameworksBuildPhase;
			buildActionMask = 2147483647;
			files = (
				522A3468D6B7367CA5EEC575 /* Pods_Swift_Test_Project.framework in Frameworks */,
			);
			runOnlyForDeploymentPostprocessing = 0;
		};
/* End PBXFrameworksBuildPhase section */

/* Begin PBXGroup section */
		4D5DFE142741112A0045039A = {
			isa = PBXGroup;
			children = (
				4D5DFE3A274118350045039A /* .swiftlint.yml */,
				4D5DFE1F2741112B0045039A /* Swift_Test_Project */,
				4D5DFE1E2741112B0045039A /* Products */,
				9AB939C9303503843E29EC21 /* Pods */,
				D7E963D5F4B45EFC1386C4B5 /* Frameworks */,
			);
			sourceTree = "<group>";
		};
		4D5DFE1E2741112B0045039A /* Products */ = {
			isa = PBXGroup;
			children = (
				4D5DFE1D2741112B0045039A /* Swift_Test_Project.app */,
			);
			name = Products;
			sourceTree = "<group>";
		};
		4D5DFE1F2741112B0045039A /* Swift_Test_Project */ = {
			isa = PBXGroup;
			children = (
				4D5DFE34274111650045039A /* Resource */,
				4D5DFE35274111720045039A /* Source */,
			);
			path = Swift_Test_Project;
			sourceTree = "<group>";
		};
		4D5DFE34274111650045039A /* Resource */ = {
			isa = PBXGroup;
			children = (
				4D5DFE292741112D0045039A /* Assets.xcassets */,
				4D78DB4D274132CD0060735C /* Const */,
				4D78DB4C2741329E0060735C /* Config */,
				4D5DFE38274111AD0045039A /* Storyboard */,
			);
			path = Resource;
			sourceTree = "<group>";
		};
		4D5DFE35274111720045039A /* Source */ = {
			isa = PBXGroup;
			children = (
				4D5DFE36274111810045039A /* Support */,
				4D5DFE372741118B0045039A /* Screen */,
			);
			path = Source;
			sourceTree = "<group>";
		};
		4D5DFE36274111810045039A /* Support */ = {
			isa = PBXGroup;
			children = (
				4D5DFE202741112B0045039A /* AppDelegate.swift */,
			);
			path = Support;
			sourceTree = "<group>";
		};
		4D5DFE372741118B0045039A /* Screen */ = {
			isa = PBXGroup;
			children = (
				4D5DFE3C27411DCB0045039A /* Home */,
				4D78DB4127412F510060735C /* Writing */,
				4D78DB3B27412EC40060735C /* Base */,
			);
			path = Screen;
			sourceTree = "<group>";
		};
		4D5DFE38274111AD0045039A /* Storyboard */ = {
			isa = PBXGroup;
			children = (
				4D5DFE2B2741112D0045039A /* LaunchScreen.storyboard */,
			);
			path = Storyboard;
			sourceTree = "<group>";
		};
		4D5DFE3C27411DCB0045039A /* Home */ = {
			isa = PBXGroup;
			children = (
				4D78DB3927412E640060735C /* HomeVC.swift */,
			);
			path = Home;
			sourceTree = "<group>";
		};
		4D78DB3B27412EC40060735C /* Base */ = {
			isa = PBXGroup;
			children = (
				4D78DB522741344B0060735C /* BaseNavigationController.swift */,
				4D78DB54274134770060735C /* MainNavigationController.swift */,
				4D78DB4A274131C80060735C /* TabBarController.swift */,
				4D78DB3E27412EFE0060735C /* MyTown */,
				4D78DB3D27412EEE0060735C /* MyPage */,
				4D78DB3C27412EE70060735C /* Chatting */,
			);
			path = Base;
			sourceTree = "<group>";
		};
		4D78DB3C27412EE70060735C /* Chatting */ = {
			isa = PBXGroup;
			children = (
				4D78DB4427412FA30060735C /* ChattingVC.swift */,
			);
			path = Chatting;
			sourceTree = "<group>";
		};
		4D78DB3D27412EEE0060735C /* MyPage */ = {
			isa = PBXGroup;
			children = (
				4D78DB4627412FB90060735C /* MyPageVC.swift */,
			);
			path = MyPage;
			sourceTree = "<group>";
		};
		4D78DB3E27412EFE0060735C /* MyTown */ = {
			isa = PBXGroup;
			children = (
				4D78DB4827412FD00060735C /* MyTownVC.swift */,
			);
			path = MyTown;
			sourceTree = "<group>";
		};
		4D78DB4127412F510060735C /* Writing */ = {
			isa = PBXGroup;
			children = (
				4D78DB4227412F700060735C /* WritingVC.swift */,
			);
			path = Writing;
			sourceTree = "<group>";
		};
		4D78DB4C2741329E0060735C /* Config */ = {
			isa = PBXGroup;
			children = (
				4D5DFE2E2741112D0045039A /* Info.plist */,
			);
			path = Config;
			sourceTree = "<group>";
		};
		4D78DB4D274132CD0060735C /* Const */ = {
			isa = PBXGroup;
			children = (
				4D78DB4E2741333B0060735C /* Image.swift */,
				4D78DB502741334E0060735C /* Color.swift */,
			);
			path = Const;
			sourceTree = "<group>";
		};
		9AB939C9303503843E29EC21 /* Pods */ = {
			isa = PBXGroup;
			children = (
				A01485484878AC7CDF66A6E1 /* Pods-Swift_Test_Project.debug.xcconfig */,
				CEE4938192DCEF89B8BABCAD /* Pods-Swift_Test_Project.release.xcconfig */,
			);
			path = Pods;
			sourceTree = "<group>";
		};
		D7E963D5F4B45EFC1386C4B5 /* Frameworks */ = {
			isa = PBXGroup;
			children = (
				11E58814565C7931ECE7D5DB /* Pods_Swift_Test_Project.framework */,
			);
			name = Frameworks;
			sourceTree = "<group>";
		};
/* End PBXGroup section */

/* Begin PBXNativeTarget section */
		4D5DFE1C2741112A0045039A /* Swift_Test_Project */ = {
			isa = PBXNativeTarget;
			buildConfigurationList = 4D5DFE312741112D0045039A /* Build configuration list for PBXNativeTarget "Swift_Test_Project" */;
			buildPhases = (
				2F04D5D0886B3B9AA1B7B9FA /* [CP] Check Pods Manifest.lock */,
				4D5DFE192741112A0045039A /* Sources */,
				4D5DFE1A2741112A0045039A /* Frameworks */,
				4D5DFE1B2741112A0045039A /* Resources */,
				14C066EA49F433E343A7A778 /* [CP] Embed Pods Frameworks */,
				4D5DFE39274117760045039A /* ShellScript */,
			);
			buildRules = (
			);
			dependencies = (
			);
			name = Swift_Test_Project;
			productName = Swift_Test_Project;
			productReference = 4D5DFE1D2741112B0045039A /* Swift_Test_Project.app */;
			productType = "com.apple.product-type.application";
		};
/* End PBXNativeTarget section */

/* Begin PBXProject section */
		4D5DFE152741112A0045039A /* Project object */ = {
			isa = PBXProject;
			attributes = {
				BuildIndependentTargetsInParallel = 1;
				LastSwiftUpdateCheck = 1310;
				LastUpgradeCheck = 1310;
				TargetAttributes = {
					4D5DFE1C2741112A0045039A = {
						CreatedOnToolsVersion = 13.1;
					};
				};
			};
			buildConfigurationList = 4D5DFE182741112A0045039A /* Build configuration list for PBXProject "Swift_Test_Project" */;
			compatibilityVersion = "Xcode 13.0";
			developmentRegion = en;
			hasScannedForEncodings = 0;
			knownRegions = (
				en,
				Base,
			);
			mainGroup = 4D5DFE142741112A0045039A;
			productRefGroup = 4D5DFE1E2741112B0045039A /* Products */;
			projectDirPath = "";
			projectRoot = "";
			targets = (
				4D5DFE1C2741112A0045039A /* Swift_Test_Project */,
			);
		};
/* End PBXProject section */

/* Begin PBXResourcesBuildPhase section */
		4D5DFE1B2741112A0045039A /* Resources */ = {
			isa = PBXResourcesBuildPhase;
			buildActionMask = 2147483647;
			files = (
				4D5DFE3B274118350045039A /* .swiftlint.yml in Resources */,
				4D5DFE2D2741112D0045039A /* LaunchScreen.storyboard in Resources */,
				4D5DFE2A2741112D0045039A /* Assets.xcassets in Resources */,
			);
			runOnlyForDeploymentPostprocessing = 0;
		};
/* End PBXResourcesBuildPhase section */

/* Begin PBXShellScriptBuildPhase section */
		14C066EA49F433E343A7A778 /* [CP] Embed Pods Frameworks */ = {
			isa = PBXShellScriptBuildPhase;
			buildActionMask = 2147483647;
			files = (
			);
			inputFileListPaths = (
				"${PODS_ROOT}/Target Support Files/Pods-Swift_Test_Project/Pods-Swift_Test_Project-frameworks-${CONFIGURATION}-input-files.xcfilelist",
			);
			name = "[CP] Embed Pods Frameworks";
			outputFileListPaths = (
				"${PODS_ROOT}/Target Support Files/Pods-Swift_Test_Project/Pods-Swift_Test_Project-frameworks-${CONFIGURATION}-output-files.xcfilelist",
			);
			runOnlyForDeploymentPostprocessing = 0;
			shellPath = /bin/sh;
			shellScript = "\"${PODS_ROOT}/Target Support Files/Pods-Swift_Test_Project/Pods-Swift_Test_Project-frameworks.sh\"\n";
			showEnvVarsInLog = 0;
		};
		2F04D5D0886B3B9AA1B7B9FA /* [CP] Check Pods Manifest.lock */ = {
			isa = PBXShellScriptBuildPhase;
			buildActionMask = 2147483647;
			files = (
			);
			inputFileListPaths = (
			);
			inputPaths = (
				"${PODS_PODFILE_DIR_PATH}/Podfile.lock",
				"${PODS_ROOT}/Manifest.lock",
			);
			name = "[CP] Check Pods Manifest.lock";
			outputFileListPaths = (
			);
			outputPaths = (
				"$(DERIVED_FILE_DIR)/Pods-Swift_Test_Project-checkManifestLockResult.txt",
			);
			runOnlyForDeploymentPostprocessing = 0;
			shellPath = /bin/sh;
			shellScript = "diff \"${PODS_PODFILE_DIR_PATH}/Podfile.lock\" \"${PODS_ROOT}/Manifest.lock\" > /dev/null\nif [ $? != 0 ] ; then\n    # print error to STDERR\n    echo \"error: The sandbox is not in sync with the Podfile.lock. Run 'pod install' or update your CocoaPods installation.\" >&2\n    exit 1\nfi\n# This output is used by Xcode 'outputs' to avoid re-running this script phase.\necho \"SUCCESS\" > \"${SCRIPT_OUTPUT_FILE_0}\"\n";
			showEnvVarsInLog = 0;
		};
		4D5DFE39274117760045039A /* ShellScript */ = {
			isa = PBXShellScriptBuildPhase;
			buildActionMask = 2147483647;
			files = (
			);
			inputFileListPaths = (
			);
			inputPaths = (
			);
			outputFileListPaths = (
			);
			outputPaths = (
			);
			runOnlyForDeploymentPostprocessing = 0;
			shellPath = /bin/sh;
			shellScript = "${PODS_ROOT}/SwiftLint/swiftlint\n";
		};
/* End PBXShellScriptBuildPhase section */

/* Begin PBXSourcesBuildPhase section */
		4D5DFE192741112A0045039A /* Sources */ = {
			isa = PBXSourcesBuildPhase;
			buildActionMask = 2147483647;
			files = (
				4D78DB4927412FD00060735C /* MyTownVC.swift in Sources */,
				4D78DB55274134770060735C /* MainNavigationController.swift in Sources */,
				4D78DB4F2741333B0060735C /* Image.swift in Sources */,
				4D78DB3A27412E640060735C /* HomeVC.swift in Sources */,
				4D5DFE212741112B0045039A /* AppDelegate.swift in Sources */,
				4D78DB4727412FB90060735C /* MyPageVC.swift in Sources */,
				4D78DB4B274131C80060735C /* TabBarController.swift in Sources */,
				4D78DB4527412FA30060735C /* ChattingVC.swift in Sources */,
				4D78DB4327412F700060735C /* WritingVC.swift in Sources */,
				4D78DB532741344B0060735C /* BaseNavigationController.swift in Sources */,
				4D78DB512741334E0060735C /* Color.swift in Sources */,
			);
			runOnlyForDeploymentPostprocessing = 0;
		};
/* End PBXSourcesBuildPhase section */

/* Begin PBXVariantGroup section */
		4D5DFE2B2741112D0045039A /* LaunchScreen.storyboard */ = {
			isa = PBXVariantGroup;
			children = (
				4D5DFE2C2741112D0045039A /* Base */,
			);
			name = LaunchScreen.storyboard;
			sourceTree = "<group>";
		};
/* End PBXVariantGroup section */

/* Begin XCBuildConfiguration section */
		4D5DFE2F2741112D0045039A /* Debug */ = {
			isa = XCBuildConfiguration;
			buildSettings = {
				ALWAYS_SEARCH_USER_PATHS = NO;
				CLANG_ANALYZER_NONNULL = YES;
				CLANG_ANALYZER_NUMBER_OBJECT_CONVERSION = YES_AGGRESSIVE;
				CLANG_CXX_LANGUAGE_STANDARD = "gnu++17";
				CLANG_CXX_LIBRARY = "libc++";
				CLANG_ENABLE_MODULES = YES;
				CLANG_ENABLE_OBJC_ARC = YES;
				CLANG_ENABLE_OBJC_WEAK = YES;
				CLANG_WARN_BLOCK_CAPTURE_AUTORELEASING = YES;
				CLANG_WARN_BOOL_CONVERSION = YES;
				CLANG_WARN_COMMA = YES;
				CLANG_WARN_CONSTANT_CONVERSION = YES;
				CLANG_WARN_DEPRECATED_OBJC_IMPLEMENTATIONS = YES;
				CLANG_WARN_DIRECT_OBJC_ISA_USAGE = YES_ERROR;
				CLANG_WARN_DOCUMENTATION_COMMENTS = YES;
				CLANG_WARN_EMPTY_BODY = YES;
				CLANG_WARN_ENUM_CONVERSION = YES;
				CLANG_WARN_INFINITE_RECURSION = YES;
				CLANG_WARN_INT_CONVERSION = YES;
				CLANG_WARN_NON_LITERAL_NULL_CONVERSION = YES;
				CLANG_WARN_OBJC_IMPLICIT_RETAIN_SELF = YES;
				CLANG_WARN_OBJC_LITERAL_CONVERSION = YES;
				CLANG_WARN_OBJC_ROOT_CLASS = YES_ERROR;
				CLANG_WARN_QUOTED_INCLUDE_IN_FRAMEWORK_HEADER = YES;
				CLANG_WARN_RANGE_LOOP_ANALYSIS = YES;
				CLANG_WARN_STRICT_PROTOTYPES = YES;
				CLANG_WARN_SUSPICIOUS_MOVE = YES;
				CLANG_WARN_UNGUARDED_AVAILABILITY = YES_AGGRESSIVE;
				CLANG_WARN_UNREACHABLE_CODE = YES;
				CLANG_WARN__DUPLICATE_METHOD_MATCH = YES;
				COPY_PHASE_STRIP = NO;
				DEBUG_INFORMATION_FORMAT = dwarf;
				ENABLE_STRICT_OBJC_MSGSEND = YES;
				ENABLE_TESTABILITY = YES;
				GCC_C_LANGUAGE_STANDARD = gnu11;
				GCC_DYNAMIC_NO_PIC = NO;
				GCC_NO_COMMON_BLOCKS = YES;
				GCC_OPTIMIZATION_LEVEL = 0;
				GCC_PREPROCESSOR_DEFINITIONS = (
					"DEBUG=1",
					"$(inherited)",
				);
				GCC_WARN_64_TO_32_BIT_CONVERSION = YES;
				GCC_WARN_ABOUT_RETURN_TYPE = YES_ERROR;
				GCC_WARN_UNDECLARED_SELECTOR = YES;
				GCC_WARN_UNINITIALIZED_AUTOS = YES_AGGRESSIVE;
				GCC_WARN_UNUSED_FUNCTION = YES;
				GCC_WARN_UNUSED_VARIABLE = YES;
				IPHONEOS_DEPLOYMENT_TARGET = 15.0;
				MTL_ENABLE_DEBUG_INFO = INCLUDE_SOURCE;
				MTL_FAST_MATH = YES;
				ONLY_ACTIVE_ARCH = YES;
				SDKROOT = iphoneos;
				SWIFT_ACTIVE_COMPILATION_CONDITIONS = DEBUG;
				SWIFT_OPTIMIZATION_LEVEL = "-Onone";
			};
			name = Debug;
		};
		4D5DFE302741112D0045039A /* Release */ = {
			isa = XCBuildConfiguration;
			buildSettings = {
				ALWAYS_SEARCH_USER_PATHS = NO;
				CLANG_ANALYZER_NONNULL = YES;
				CLANG_ANALYZER_NUMBER_OBJECT_CONVERSION = YES_AGGRESSIVE;
				CLANG_CXX_LANGUAGE_STANDARD = "gnu++17";
				CLANG_CXX_LIBRARY = "libc++";
				CLANG_ENABLE_MODULES = YES;
				CLANG_ENABLE_OBJC_ARC = YES;
				CLANG_ENABLE_OBJC_WEAK = YES;
				CLANG_WARN_BLOCK_CAPTURE_AUTORELEASING = YES;
				CLANG_WARN_BOOL_CONVERSION = YES;
				CLANG_WARN_COMMA = YES;
				CLANG_WARN_CONSTANT_CONVERSION = YES;
				CLANG_WARN_DEPRECATED_OBJC_IMPLEMENTATIONS = YES;
				CLANG_WARN_DIRECT_OBJC_ISA_USAGE = YES_ERROR;
				CLANG_WARN_DOCUMENTATION_COMMENTS = YES;
				CLANG_WARN_EMPTY_BODY = YES;
				CLANG_WARN_ENUM_CONVERSION = YES;
				CLANG_WARN_INFINITE_RECURSION = YES;
				CLANG_WARN_INT_CONVERSION = YES;
				CLANG_WARN_NON_LITERAL_NULL_CONVERSION = YES;
				CLANG_WARN_OBJC_IMPLICIT_RETAIN_SELF = YES;
				CLANG_WARN_OBJC_LITERAL_CONVERSION = YES;
				CLANG_WARN_OBJC_ROOT_CLASS = YES_ERROR;
				CLANG_WARN_QUOTED_INCLUDE_IN_FRAMEWORK_HEADER = YES;
				CLANG_WARN_RANGE_LOOP_ANALYSIS = YES;
				CLANG_WARN_STRICT_PROTOTYPES = YES;
				CLANG_WARN_SUSPICIOUS_MOVE = YES;
				CLANG_WARN_UNGUARDED_AVAILABILITY = YES_AGGRESSIVE;
				CLANG_WARN_UNREACHABLE_CODE = YES;
				CLANG_WARN__DUPLICATE_METHOD_MATCH = YES;
				COPY_PHASE_STRIP = NO;
				DEBUG_INFORMATION_FORMAT = "dwarf-with-dsym";
				ENABLE_NS_ASSERTIONS = NO;
				ENABLE_STRICT_OBJC_MSGSEND = YES;
				GCC_C_LANGUAGE_STANDARD = gnu11;
				GCC_NO_COMMON_BLOCKS = YES;
				GCC_WARN_64_TO_32_BIT_CONVERSION = YES;
				GCC_WARN_ABOUT_RETURN_TYPE = YES_ERROR;
				GCC_WARN_UNDECLARED_SELECTOR = YES;
				GCC_WARN_UNINITIALIZED_AUTOS = YES_AGGRESSIVE;
				GCC_WARN_UNUSED_FUNCTION = YES;
				GCC_WARN_UNUSED_VARIABLE = YES;
				IPHONEOS_DEPLOYMENT_TARGET = 15.0;
				MTL_ENABLE_DEBUG_INFO = NO;
				MTL_FAST_MATH = YES;
				SDKROOT = iphoneos;
				SWIFT_COMPILATION_MODE = wholemodule;
				SWIFT_OPTIMIZATION_LEVEL = "-O";
				VALIDATE_PRODUCT = YES;
			};
			name = Release;
		};
		4D5DFE322741112D0045039A /* Debug */ = {
			isa = XCBuildConfiguration;
			baseConfigurationReference = A01485484878AC7CDF66A6E1 /* Pods-Swift_Test_Project.debug.xcconfig */;
			buildSettings = {
				ASSETCATALOG_COMPILER_APPICON_NAME = AppIcon;
				ASSETCATALOG_COMPILER_GLOBAL_ACCENT_COLOR_NAME = AccentColor;
				CODE_SIGN_STYLE = Automatic;
				CURRENT_PROJECT_VERSION = 1;
				DEVELOPMENT_TEAM = L2NP7U5487;
				GENERATE_INFOPLIST_FILE = YES;
				INFOPLIST_FILE = Swift_Test_Project/Resource/Config/Info.plist;
				INFOPLIST_KEY_UIApplicationSupportsIndirectInputEvents = YES;
				INFOPLIST_KEY_UILaunchStoryboardName = LaunchScreen;
				INFOPLIST_KEY_UIMainStoryboardFile = Main;
				INFOPLIST_KEY_UISupportedInterfaceOrientations_iPad = "UIInterfaceOrientationPortrait UIInterfaceOrientationPortraitUpsideDown UIInterfaceOrientationLandscapeLeft UIInterfaceOrientationLandscapeRight";
				INFOPLIST_KEY_UISupportedInterfaceOrientations_iPhone = "UIInterfaceOrientationPortrait UIInterfaceOrientationLandscapeLeft UIInterfaceOrientationLandscapeRight";
				LD_RUNPATH_SEARCH_PATHS = (
					"$(inherited)",
					"@executable_path/Frameworks",
				);
				MARKETING_VERSION = 1.0;
				PRODUCT_BUNDLE_IDENTIFIER = "com.sutori.Swift-Test-Project";
				PRODUCT_NAME = "$(TARGET_NAME)";
				SWIFT_EMIT_LOC_STRINGS = YES;
				SWIFT_VERSION = 5.0;
				TARGETED_DEVICE_FAMILY = "1,2";
			};
			name = Debug;
		};
		4D5DFE332741112D0045039A /* Release */ = {
			isa = XCBuildConfiguration;
			baseConfigurationReference = CEE4938192DCEF89B8BABCAD /* Pods-Swift_Test_Project.release.xcconfig */;
			buildSettings = {
				ASSETCATALOG_COMPILER_APPICON_NAME = AppIcon;
				ASSETCATALOG_COMPILER_GLOBAL_ACCENT_COLOR_NAME = AccentColor;
				CODE_SIGN_STYLE = Automatic;
				CURRENT_PROJECT_VERSION = 1;
				DEVELOPMENT_TEAM = L2NP7U5487;
				GENERATE_INFOPLIST_FILE = YES;
				INFOPLIST_FILE = Swift_Test_Project/Resource/Config/Info.plist;
				INFOPLIST_KEY_UIApplicationSupportsIndirectInputEvents = YES;
				INFOPLIST_KEY_UILaunchStoryboardName = LaunchScreen;
				INFOPLIST_KEY_UIMainStoryboardFile = Main;
				INFOPLIST_KEY_UISupportedInterfaceOrientations_iPad = "UIInterfaceOrientationPortrait UIInterfaceOrientationPortraitUpsideDown UIInterfaceOrientationLandscapeLeft UIInterfaceOrientationLandscapeRight";
				INFOPLIST_KEY_UISupportedInterfaceOrientations_iPhone = "UIInterfaceOrientationPortrait UIInterfaceOrientationLandscapeLeft UIInterfaceOrientationLandscapeRight";
				LD_RUNPATH_SEARCH_PATHS = (
					"$(inherited)",
					"@executable_path/Frameworks",
				);
				MARKETING_VERSION = 1.0;
				PRODUCT_BUNDLE_IDENTIFIER = "com.sutori.Swift-Test-Project";
				PRODUCT_NAME = "$(TARGET_NAME)";
				SWIFT_EMIT_LOC_STRINGS = YES;
				SWIFT_VERSION = 5.0;
				TARGETED_DEVICE_FAMILY = "1,2";
			};
			name = Release;
		};
/* End XCBuildConfiguration section */

/* Begin XCConfigurationList section */
		4D5DFE182741112A0045039A /* Build configuration list for PBXProject "Swift_Test_Project" */ = {
			isa = XCConfigurationList;
			buildConfigurations = (
				4D5DFE2F2741112D0045039A /* Debug */,
				4D5DFE302741112D0045039A /* Release */,
			);
			defaultConfigurationIsVisible = 0;
			defaultConfigurationName = Release;
		};
		4D5DFE312741112D0045039A /* Build configuration list for PBXNativeTarget "Swift_Test_Project" */ = {
			isa = XCConfigurationList;
			buildConfigurations = (
				4D5DFE322741112D0045039A /* Debug */,
				4D5DFE332741112D0045039A /* Release */,
			);
			defaultConfigurationIsVisible = 0;
			defaultConfigurationName = Release;
		};
/* End XCConfigurationList section */
	};
	rootObject = 4D5DFE152741112A0045039A /* Project object */;
}
